
Microsoft Visual Studio Solution File, Format Version 12.00
# Visual Studio Version 16
VisualStudioVersion = 16.0.30204.135
MinimumVisualStudioVersion = 10.0.40219.1
Project("{FAE04EC0-301F-11D3-BF4B-00C04F79EFBC}") = "PsychrometricTable", "PsychrometricTable\PsychrometricTable.csproj", "{558C0E40-836F-45E6-B6C7-73E245B4CFC3}"
EndProject
Global
	GlobalSection(SolutionConfigurationPlatforms) = preSolution
		Debug|Any CPU = Debug|Any CPU
		Release|Any CPU = Release|Any CPU
	EndGlobalSection
	GlobalSection(ProjectConfigurationPlatforms) = postSolution
		{558C0E40-836F-45E6-B6C7-73E245B4CFC3}.Debug|Any CPU.ActiveCfg = Debug|Any CPU
		{558C0E40-836F-45E6-B6C7-73E245B4CFC3}.Debug|Any CPU.Build.0 = Debug|Any CPU
		{558C0E40-836F-45E6-B6C7-73E245B4CFC3}.Release|Any CPU.ActiveCfg = Release|Any CPU
		{558C0E40-836F-45E6-B6C7-73E245B4CFC3}.Release|Any CPU.Build.0 = Release|Any CPU
	EndGlobalSection
	GlobalSection(SolutionProperties) = preSolution
		HideSolutionNode = FALSE
	EndGlobalSection
	GlobalSection(ExtensibilityGlobals) = postSolution
		SolutionGuid = {4BEE7769-1AF7-4944-9039-29EFC434E521}
	EndGlobalSection
EndGlobal
